---
# Screensaver view for the wall tablet. Fully Kiosk points its Screensaver URL
# at /wall-tablet/clock and swaps to it after the idle timeout; a touch exits
# the screensaver and Fully returns to the start URL (/wall-tablet/home). No HA
# automation drives the return — Fully owns idle detection and wake-on-touch.
#
# visible: false keeps it out of the tab bar (same pattern as the doorbell
# view); type: panel gives the single card the full screen.
#
# Deliberately built from ONE markdown card with inline styles rather than
# mushroom cards + card_mod. Mushroom renders its text inside shadow DOM, so
# card_mod's `.primary` selectors silently did nothing (the clock rendered at
# body-text size), and the tablet is a 2018 Galaxy Tab A on an old WebView
# where every custom card is extra risk — a card that fails to load leaves the
# whole screensaver blank. Markdown is core, so the only dependency is HA
# itself.
#
# The card subscribes to the entities named in its template, so sensor.time
# ticking every minute is what re-renders the clock.
title: Clock
path: clock
type: panel
visible: false
# Hides HA's own sidebar and top toolbar so the clock owns the whole screen.
# Fully's kiosk mode only removes the *browser* chrome — HA's frontend chrome
# has to be styled away separately, and with no kiosk-mode module installed
# card_mod's view-level styles are the way to reach those root elements.
card_mod:
  style: |
    ha-drawer ha-sidebar,
    :host > .header,
    .toolbar {
      display: none !important;
    }
    ha-drawer .mdc-drawer-app-content {
      margin-left: 0 !important;
      --mdc-drawer-width: 0px !important;
    }
    hui-view, .view {
      padding: 0 !important;
      margin: 0 !important;
    }
cards:
  - type: markdown
    card_mod:
      style: |
        ha-card {
          background: #000;
          border: none;
          box-shadow: none;
          border-radius: 0;
          height: 100vh;
        }
    content: >
      {% set c = state_attr('sensor.screensaver_forecast', 'today_condition') %}
      {% set ct = state_attr('sensor.screensaver_forecast',
         'tomorrow_condition') %}
      {% set icons = {
        'clear-night': '🌙', 'cloudy': '☁️', 'fog': '🌫️', 'hail': '🧊',
        'lightning': '⚡', 'lightning-rainy': '⛈️', 'partlycloudy': '⛅',
        'pouring': '🌧️', 'rainy': '🌦️', 'snowy': '❄️', 'snowy-rainy': '🌨️',
        'sunny': '☀️', 'windy': '💨', 'windy-variant': '💨',
        'exceptional': '⚠️' } %}
      {% set now_t = state_attr('weather.forecast_home', 'temperature') %}
      {% set th = state_attr('sensor.screensaver_forecast', 'today_high') %}
      {% set tl = state_attr('sensor.screensaver_forecast', 'today_low') %}
      {% set mh = state_attr('sensor.screensaver_forecast', 'tomorrow_high') %}
      {% set ml = state_attr('sensor.screensaver_forecast', 'tomorrow_low') %}

      <div style="display:flex;flex-direction:column;align-items:center;
      justify-content:center;height:100vh;color:#fff;
      font-family:Helvetica Neue,Helvetica,Arial,sans-serif;">

      <div style="font-size:23vh;font-weight:200;line-height:0.95;
      letter-spacing:-0.03em;">{{ states('sensor.time') }}</div>

      <div style="font-size:4.4vh;font-weight:300;opacity:0.7;
      margin-top:1.5vh;">{{ as_timestamp(states('sensor.date') ~ ' 00:00:00')
      | timestamp_custom('%A, %-d %B', true) }}</div>

      <div style="display:flex;gap:9vw;margin-top:7vh;font-weight:300;">

      <div style="text-align:center;">
      <div style="font-size:8vh;line-height:1;">{{ icons.get(c, '☁️') }}</div>
      <div style="font-size:6.5vh;margin-top:1vh;">{{ now_t | round(0)
      if now_t is not none else '--' }}°</div>
      <div style="font-size:2.9vh;opacity:0.65;">Today {{ th if th else '--' }}°
      / {{ tl if tl else '--' }}°</div>
      </div>

      <div style="text-align:center;">
      <div style="font-size:8vh;line-height:1;">{{ icons.get(ct, '☁️') }}</div>
      <div style="font-size:6.5vh;margin-top:1vh;">{{ mh if mh else '--' }}°</div>
      <div style="font-size:2.9vh;opacity:0.65;">Tomorrow / {{ ml if ml
      else '--' }}°</div>
      </div>

      </div>
      </div>
